{
  "name": "skill",
  "version": "1.0.0",
  "lockfileVersion": 2,
  "requires": true,
  "packages": {
    "": {
      "name": "skill",
      "version": "1.0.0",
      "license": "ISC",
      "dependencies": {
        "undici": "^4.12.1"
      }
    },
    "node_modules/undici": {
      "version": "4.12.1",
      "resolved": "https://registry.npmjs.org/undici/-/undici-4.12.1.tgz",
      "integrity": "sha512-MSfap7YiQJqTPP12C11PFRs9raZuVicDbwsZHTjB0a8+SsCqt7KdUis54f373yf7ZFhJzAkGJLaKm0202OIxHg==",
      "engines": {
        "node": ">=12.18"
      }
    }
  },
  "dependencies": {
    "undici": {
      "version": "4.12.1",
      "resolved": "https://registry.npmjs.org/undici/-/undici-4.12.1.tgz",
      "integrity": "sha512-MSfap7YiQJqTPP12C11PFRs9raZuVicDbwsZHTjB0a8+SsCqt7KdUis54f373yf7ZFhJzAkGJLaKm0202OIxHg=="
    }
  }
}
